
Microsoft Visual Studio Solution File, Format Version 12.00
# Visual Studio 15
VisualStudioVersion = 15.0.28307.136
MinimumVisualStudioVersion = 10.0.40219.1
Project("{FAE04EC0-301F-11D3-BF4B-00C04F79EFBC}") = "countries.Android", "countries\countries.Android\countries.Android.csproj", "{FC3E664D-F281-4AC5-9EF4-BE6AFFED313F}"
EndProject
Project("{FAE04EC0-301F-11D3-BF4B-00C04F79EFBC}") = "countries.iOS", "countries\countries.iOS\countries.iOS.csproj", "{F842D090-435E-4FE1-B54E-F5E017107FCB}"
EndProject
Project("{FAE04EC0-301F-11D3-BF4B-00C04F79EFBC}") = "countries", "countries\countries\countries.csproj", "{56F4328F-3D8E-45FB-96A2-E99AEB0C2D9E}"
EndProject
Global
	GlobalSection(SolutionConfigurationPlatforms) = preSolution
		Ad-Hoc|Any CPU = Ad-Hoc|Any CPU
		Ad-Hoc|iPhone = Ad-Hoc|iPhone
		Ad-Hoc|iPhoneSimulator = Ad-Hoc|iPhoneSimulator
		AppStore|Any CPU = AppStore|Any CPU
		AppStore|iPhone = AppStore|iPhone
		AppStore|iPhoneSimulator = AppStore|iPhoneSimulator
		Debug|Any CPU = Debug|Any CPU
		Debug|iPhone = Debug|iPhone
		Debug|iPhoneSimulator = Debug|iPhoneSimulator
		Release|Any CPU = Release|Any CPU
		Release|iPhone = Release|iPhone
		Release|iPhoneSimulator = Release|iPhoneSimulator
	EndGlobalSection
	GlobalSection(ProjectConfigurationPlatforms) = postSolution
		{FC3E664D-F281-4AC5-9EF4-BE6AFFED313F}.Ad-Hoc|Any CPU.ActiveCfg = Release|Any CPU
		{FC3E664D-F281-4AC5-9EF4-BE6AFFED313F}.Ad-Hoc|Any CPU.Build.0 = Release|Any CPU
		{FC3E664D-F281-4AC5-9EF4-BE6AFFED313F}.Ad-Hoc|Any CPU.Deploy.0 = Release|Any CPU
		{FC3E664D-F281-4AC5-9EF4-BE6AFFED313F}.Ad-Hoc|iPhone.ActiveCfg = Release|Any CPU
		{FC3E664D-F281-4AC5-9EF4-BE6AFFED313F}.Ad-Hoc|iPhone.Build.0 = Release|Any CPU
		{FC3E664D-F281-4AC5-9EF4-BE6AFFED313F}.Ad-Hoc|iPhone.Deploy.0 = Release|Any CPU
		{FC3E664D-F281-4AC5-9EF4-BE6AFFED313F}.Ad-Hoc|iPhoneSimulator.ActiveCfg = Release|Any CPU
		{FC3E664D-F281-4AC5-9EF4-BE6AFFED313F}.Ad-Hoc|iPhoneSimulator.Build.0 = Release|Any CPU
		{FC3E664D-F281-4AC5-9EF4-BE6AFFED313F}.Ad-Hoc|iPhoneSimulator.Deploy.0 = Release|Any CPU
		{FC3E664D-F281-4AC5-9EF4-BE6AFFED313F}.AppStore|Any CPU.ActiveCfg = Release|Any CPU
		{FC3E664D-F281-4AC5-9EF4-BE6AFFED313F}.AppStore|Any CPU.Build.0 = Release|Any CPU
		{FC3E664D-F281-4AC5-9EF4-BE6AFFED313F}.AppStore|Any CPU.Deploy.0 = Release|Any CPU
		{FC3E664D-F281-4AC5-9EF4-BE6AFFED313F}.AppStore|iPhone.ActiveCfg = Release|Any CPU
		{FC3E664D-F281-4AC5-9EF4-BE6AFFED313F}.AppStore|iPhone.Build.0 = Release|Any CPU
		{FC3E664D-F281-4AC5-9EF4-BE6AFFED313F}.AppStore|iPhone.Deploy.0 = Release|Any CPU
		{FC3E664D-F281-4AC5-9EF4-BE6AFFED313F}.AppStore|iPhoneSimulator.ActiveCfg = Release|Any CPU
		{FC3E664D-F281-4AC5-9EF4-BE6AFFED313F}.AppStore|iPhoneSimulator.Build.0 = Release|Any CPU
		{FC3E664D-F281-4AC5-9EF4-BE6AFFED313F}.AppStore|iPhoneSimulator.Deploy.0 = Release|Any CPU
		{FC3E664D-F281-4AC5-9EF4-BE6AFFED313F}.Debug|Any CPU.ActiveCfg = Debug|Any CPU
		{FC3E664D-F281-4AC5-9EF4-BE6AFFED313F}.Debug|Any CPU.Build.0 = Debug|Any CPU
		{FC3E664D-F281-4AC5-9EF4-BE6AFFED313F}.Debug|Any CPU.Deploy.0 = Debug|Any CPU
		{FC3E664D-F281-4AC5-9EF4-BE6AFFED313F}.Debug|iPhone.ActiveCfg = Debug|Any CPU
		{FC3E664D-F281-4AC5-9EF4-BE6AFFED313F}.Debug|iPhone.Build.0 = Debug|Any CPU
		{FC3E664D-F281-4AC5-9EF4-BE6AFFED313F}.Debug|iPhone.Deploy.0 = Debug|Any CPU
		{FC3E664D-F281-4AC5-9EF4-BE6AFFED313F}.Debug|iPhoneSimulator.ActiveCfg = Debug|Any CPU
		{FC3E664D-F281-4AC5-9EF4-BE6AFFED313F}.Debug|iPhoneSimulator.Build.0 = Debug|Any CPU
		{FC3E664D-F281-4AC5-9EF4-BE6AFFED313F}.Debug|iPhoneSimulator.Deploy.0 = Debug|Any CPU
		{FC3E664D-F281-4AC5-9EF4-BE6AFFED313F}.Release|Any CPU.ActiveCfg = Release|Any CPU
		{FC3E664D-F281-4AC5-9EF4-BE6AFFED313F}.Release|Any CPU.Build.0 = Release|Any CPU
		{FC3E664D-F281-4AC5-9EF4-BE6AFFED313F}.Release|Any CPU.Deploy.0 = Release|Any CPU
		{FC3E664D-F281-4AC5-9EF4-BE6AFFED313F}.Release|iPhone.ActiveCfg = Release|Any CPU
		{FC3E664D-F281-4AC5-9EF4-BE6AFFED313F}.Release|iPhone.Build.0 = Release|Any CPU
		{FC3E664D-F281-4AC5-9EF4-BE6AFFED313F}.Release|iPhone.Deploy.0 = Release|Any CPU
		{FC3E664D-F281-4AC5-9EF4-BE6AFFED313F}.Release|iPhoneSimulator.ActiveCfg = Release|Any CPU
		{FC3E664D-F281-4AC5-9EF4-BE6AFFED313F}.Release|iPhoneSimulator.Build.0 = Release|Any CPU
		{FC3E664D-F281-4AC5-9EF4-BE6AFFED313F}.Release|iPhoneSimulator.Deploy.0 = Release|Any CPU
		{F842D090-435E-4FE1-B54E-F5E017107FCB}.Ad-Hoc|Any CPU.ActiveCfg = Ad-Hoc|iPhone
		{F842D090-435E-4FE1-B54E-F5E017107FCB}.Ad-Hoc|Any CPU.Build.0 = Ad-Hoc|iPhone
		{F842D090-435E-4FE1-B54E-F5E017107FCB}.Ad-Hoc|Any CPU.Deploy.0 = Ad-Hoc|iPhone
		{F842D090-435E-4FE1-B54E-F5E017107FCB}.Ad-Hoc|iPhone.ActiveCfg = Ad-Hoc|iPhone
		{F842D090-435E-4FE1-B54E-F5E017107FCB}.Ad-Hoc|iPhone.Build.0 = Ad-Hoc|iPhone
		{F842D090-435E-4FE1-B54E-F5E017107FCB}.Ad-Hoc|iPhone.Deploy.0 = Ad-Hoc|iPhone
		{F842D090-435E-4FE1-B54E-F5E017107FCB}.Ad-Hoc|iPhoneSimulator.ActiveCfg = Ad-Hoc|iPhoneSimulator
		{F842D090-435E-4FE1-B54E-F5E017107FCB}.Ad-Hoc|iPhoneSimulator.Build.0 = Ad-Hoc|iPhoneSimulator
		{F842D090-435E-4FE1-B54E-F5E017107FCB}.Ad-Hoc|iPhoneSimulator.Deploy.0 = Ad-Hoc|iPhoneSimulator
		{F842D090-435E-4FE1-B54E-F5E017107FCB}.AppStore|Any CPU.ActiveCfg = AppStore|iPhone
		{F842D090-435E-4FE1-B54E-F5E017107FCB}.AppStore|Any CPU.Build.0 = AppStore|iPhone
		{F842D090-435E-4FE1-B54E-F5E017107FCB}.AppStore|Any CPU.Deploy.0 = AppStore|iPhone
		{F842D090-435E-4FE1-B54E-F5E017107FCB}.AppStore|iPhone.ActiveCfg = AppStore|iPhone
		{F842D090-435E-4FE1-B54E-F5E017107FCB}.AppStore|iPhone.Build.0 = AppStore|iPhone
		{F842D090-435E-4FE1-B54E-F5E017107FCB}.AppStore|iPhone.Deploy.0 = AppStore|iPhone
		{F842D090-435E-4FE1-B54E-F5E017107FCB}.AppStore|iPhoneSimulator.ActiveCfg = AppStore|iPhoneSimulator
		{F842D090-435E-4FE1-B54E-F5E017107FCB}.AppStore|iPhoneSimulator.Build.0 = AppStore|iPhoneSimulator
		{F842D090-435E-4FE1-B54E-F5E017107FCB}.AppStore|iPhoneSimulator.Deploy.0 = AppStore|iPhoneSimulator
		{F842D090-435E-4FE1-B54E-F5E017107FCB}.Debug|Any CPU.ActiveCfg = Debug|iPhoneSimulator
		{F842D090-435E-4FE1-B54E-F5E017107FCB}.Debug|Any CPU.Build.0 = Debug|iPhoneSimulator
		{F842D090-435E-4FE1-B54E-F5E017107FCB}.Debug|Any CPU.Deploy.0 = Debug|iPhoneSimulator
		{F842D090-435E-4FE1-B54E-F5E017107FCB}.Debug|iPhone.ActiveCfg = Debug|iPhone
		{F842D090-435E-4FE1-B54E-F5E017107FCB}.Debug|iPhone.Build.0 = Debug|iPhone
		{F842D090-435E-4FE1-B54E-F5E017107FCB}.Debug|iPhone.Deploy.0 = Debug|iPhone
		{F842D090-435E-4FE1-B54E-F5E017107FCB}.Debug|iPhoneSimulator.ActiveCfg = Debug|iPhoneSimulator
		{F842D090-435E-4FE1-B54E-F5E017107FCB}.Debug|iPhoneSimulator.Build.0 = Debug|iPhoneSimulator
		{F842D090-435E-4FE1-B54E-F5E017107FCB}.Debug|iPhoneSimulator.Deploy.0 = Debug|iPhoneSimulator
		{F842D090-435E-4FE1-B54E-F5E017107FCB}.Release|Any CPU.ActiveCfg = Release|iPhone
		{F842D090-435E-4FE1-B54E-F5E017107FCB}.Release|Any CPU.Build.0 = Release|iPhone
		{F842D090-435E-4FE1-B54E-F5E017107FCB}.Release|Any CPU.Deploy.0 = Release|iPhone
		{F842D090-435E-4FE1-B54E-F5E017107FCB}.Release|iPhone.ActiveCfg = Release|iPhone
		{F842D090-435E-4FE1-B54E-F5E017107FCB}.Release|iPhone.Build.0 = Release|iPhone
		{F842D090-435E-4FE1-B54E-F5E017107FCB}.Release|iPhone.Deploy.0 = Release|iPhone
		{F842D090-435E-4FE1-B54E-F5E017107FCB}.Release|iPhoneSimulator.ActiveCfg = Release|iPhoneSimulator
		{F842D090-435E-4FE1-B54E-F5E017107FCB}.Release|iPhoneSimulator.Build.0 = Release|iPhoneSimulator
		{F842D090-435E-4FE1-B54E-F5E017107FCB}.Release|iPhoneSimulator.Deploy.0 = Release|iPhoneSimulator
		{56F4328F-3D8E-45FB-96A2-E99AEB0C2D9E}.Ad-Hoc|Any CPU.ActiveCfg = Debug|Any CPU
		{56F4328F-3D8E-45FB-96A2-E99AEB0C2D9E}.Ad-Hoc|Any CPU.Build.0 = Debug|Any CPU
		{56F4328F-3D8E-45FB-96A2-E99AEB0C2D9E}.Ad-Hoc|Any CPU.Deploy.0 = Debug|Any CPU
		{56F4328F-3D8E-45FB-96A2-E99AEB0C2D9E}.Ad-Hoc|iPhone.ActiveCfg = Debug|Any CPU
		{56F4328F-3D8E-45FB-96A2-E99AEB0C2D9E}.Ad-Hoc|iPhone.Build.0 = Debug|Any CPU
		{56F4328F-3D8E-45FB-96A2-E99AEB0C2D9E}.Ad-Hoc|iPhone.Deploy.0 = Debug|Any CPU
		{56F4328F-3D8E-45FB-96A2-E99AEB0C2D9E}.Ad-Hoc|iPhoneSimulator.ActiveCfg = Debug|Any CPU
		{56F4328F-3D8E-45FB-96A2-E99AEB0C2D9E}.Ad-Hoc|iPhoneSimulator.Build.0 = Debug|Any CPU
		{56F4328F-3D8E-45FB-96A2-E99AEB0C2D9E}.Ad-Hoc|iPhoneSimulator.Deploy.0 = Debug|Any CPU
		{56F4328F-3D8E-45FB-96A2-E99AEB0C2D9E}.AppStore|Any CPU.ActiveCfg = Debug|Any CPU
		{56F4328F-3D8E-45FB-96A2-E99AEB0C2D9E}.AppStore|Any CPU.Build.0 = Debug|Any CPU
		{56F4328F-3D8E-45FB-96A2-E99AEB0C2D9E}.AppStore|Any CPU.Deploy.0 = Debug|Any CPU
		{56F4328F-3D8E-45FB-96A2-E99AEB0C2D9E}.AppStore|iPhone.ActiveCfg = Debug|Any CPU
		{56F4328F-3D8E-45FB-96A2-E99AEB0C2D9E}.AppStore|iPhone.Build.0 = Debug|Any CPU
		{56F4328F-3D8E-45FB-96A2-E99AEB0C2D9E}.AppStore|iPhone.Deploy.0 = Debug|Any CPU
		{56F4328F-3D8E-45FB-96A2-E99AEB0C2D9E}.AppStore|iPhoneSimulator.ActiveCfg = Debug|Any CPU
		{56F4328F-3D8E-45FB-96A2-E99AEB0C2D9E}.AppStore|iPhoneSimulator.Build.0 = Debug|Any CPU
		{56F4328F-3D8E-45FB-96A2-E99AEB0C2D9E}.AppStore|iPhoneSimulator.Deploy.0 = Debug|Any CPU
		{56F4328F-3D8E-45FB-96A2-E99AEB0C2D9E}.Debug|Any CPU.ActiveCfg = Debug|Any CPU
		{56F4328F-3D8E-45FB-96A2-E99AEB0C2D9E}.Debug|Any CPU.Build.0 = Debug|Any CPU
		{56F4328F-3D8E-45FB-96A2-E99AEB0C2D9E}.Debug|Any CPU.Deploy.0 = Debug|Any CPU
		{56F4328F-3D8E-45FB-96A2-E99AEB0C2D9E}.Debug|iPhone.ActiveCfg = Debug|Any CPU
		{56F4328F-3D8E-45FB-96A2-E99AEB0C2D9E}.Debug|iPhone.Build.0 = Debug|Any CPU
		{56F4328F-3D8E-45FB-96A2-E99AEB0C2D9E}.Debug|iPhone.Deploy.0 = Debug|Any CPU
		{56F4328F-3D8E-45FB-96A2-E99AEB0C2D9E}.Debug|iPhoneSimulator.ActiveCfg = Debug|Any CPU
		{56F4328F-3D8E-45FB-96A2-E99AEB0C2D9E}.Debug|iPhoneSimulator.Build.0 = Debug|Any CPU
		{56F4328F-3D8E-45FB-96A2-E99AEB0C2D9E}.Debug|iPhoneSimulator.Deploy.0 = Debug|Any CPU
		{56F4328F-3D8E-45FB-96A2-E99AEB0C2D9E}.Release|Any CPU.ActiveCfg = Release|Any CPU
		{56F4328F-3D8E-45FB-96A2-E99AEB0C2D9E}.Release|Any CPU.Build.0 = Release|Any CPU
		{56F4328F-3D8E-45FB-96A2-E99AEB0C2D9E}.Release|Any CPU.Deploy.0 = Release|Any CPU
		{56F4328F-3D8E-45FB-96A2-E99AEB0C2D9E}.Release|iPhone.ActiveCfg = Release|Any CPU
		{56F4328F-3D8E-45FB-96A2-E99AEB0C2D9E}.Release|iPhone.Build.0 = Release|Any CPU
		{56F4328F-3D8E-45FB-96A2-E99AEB0C2D9E}.Release|iPhone.Deploy.0 = Release|Any CPU
		{56F4328F-3D8E-45FB-96A2-E99AEB0C2D9E}.Release|iPhoneSimulator.ActiveCfg = Release|Any CPU
		{56F4328F-3D8E-45FB-96A2-E99AEB0C2D9E}.Release|iPhoneSimulator.Build.0 = Release|Any CPU
		{56F4328F-3D8E-45FB-96A2-E99AEB0C2D9E}.Release|iPhoneSimulator.Deploy.0 = Release|Any CPU
	EndGlobalSection
	GlobalSection(SolutionProperties) = preSolution
		HideSolutionNode = FALSE
	EndGlobalSection
	GlobalSection(ExtensibilityGlobals) = postSolution
		SolutionGuid = {311583A8-C54E-430F-BFCD-A7B899751557}
	EndGlobalSection
EndGlobal
